
Microsoft Visual Studio Solution File, Format Version 12.00
# Visual Studio Version 16
VisualStudioVersion = 16.0.29905.134
MinimumVisualStudioVersion = 10.0.40219.1
Project("{9A19103F-16F7-4668-BE54-9A1E7A4F7556}") = "laboratorul1", "Laboratorul1\laboratorul1.csproj", "{417337D5-DC3E-44B5-9379-FCEA255AE01D}"
EndProject
Project("{9A19103F-16F7-4668-BE54-9A1E7A4F7556}") = "EFCodeFirst", "EFCodeFirst\EFCodeFirst.csproj", "{34FDD4E2-2F8A-44DD-B0A7-16716245ED03}"
EndProject
Project("{9A19103F-16F7-4668-BE54-9A1E7A4F7556}") = "EFCodeFirst.ConsoleApp", "EFCodeFirst.ConsoleApp\EFCodeFirst.ConsoleApp.csproj", "{1CF4FA10-260D-401F-AA19-B06E7F343DFA}"
EndProject
Project("{FAE04EC0-301F-11D3-BF4B-00C04F79EFBC}") = "EFModelDesignerFirst", "EFModelDesignerFirst\EFModelDesignerFirst.csproj", "{67106925-B0C3-4192-BA27-78A88D9942E8}"
EndProject
Project("{FAE04EC0-301F-11D3-BF4B-00C04F79EFBC}") = "PostComment", "PostComment\PostComment.csproj", "{D7319E3D-D29E-4949-ADA9-B7073D3360DD}"
EndProject
Project("{FAE04EC0-301F-11D3-BF4B-00C04F79EFBC}") = "ObjectWCF", "ObjectWCF\ObjectWCF.csproj", "{5BA08E89-5B1A-4F2C-970C-26C5CA7B0EF7}"
EndProject
Project("{FAE04EC0-301F-11D3-BF4B-00C04F79EFBC}") = "HostWCF", "HostWCF\HostWCF.csproj", "{E5E36762-989E-4FDC-AFFA-84865376AB8A}"
EndProject
Project("{FAE04EC0-301F-11D3-BF4B-00C04F79EFBC}") = "ClientPostComment", "ClientPostComment\ClientPostComment.csproj", "{96BBD348-3B17-4C88-B22B-9D8BB04780FB}"
EndProject
Project("{FAE04EC0-301F-11D3-BF4B-00C04F79EFBC}") = "EFStudiiDeCaz", "EFStudiiDeCaz\EFStudiiDeCaz.csproj", "{CE224DCE-CF32-456F-B984-6CAC6B854872}"
EndProject
Project("{9A19103F-16F7-4668-BE54-9A1E7A4F7556}") = "GrpcGreeter", "GrpcGreeter\GrpcGreeter\GrpcGreeter.csproj", "{E56E0285-C4A8-498A-8381-C8A9BA8C6BD0}"
EndProject
Project("{9A19103F-16F7-4668-BE54-9A1E7A4F7556}") = "GrpcGreeterClient", "GrpcGreeterClient\GrpcGreeterClient\GrpcGreeterClient.csproj", "{815F4C67-531A-48E7-9623-963AC65461FA}"
EndProject
Project("{9A19103F-16F7-4668-BE54-9A1E7A4F7556}") = "gRPC_si_EF_SERVICIU", "gRPC_si_EF_SERVICIU\gRPC_si_EF_SERVICIU.csproj", "{F9D819F3-963C-4F3C-A8C9-685DD910C0A4}"
EndProject
Project("{9A19103F-16F7-4668-BE54-9A1E7A4F7556}") = "gRPC_si_EF_DATA", "gRPC_si_EF_DATA\gRPC_si_EF_DATA.csproj", "{EF205357-6A32-4650-9865-FC09DE50E571}"
EndProject
Project("{FAE04EC0-301F-11D3-BF4B-00C04F79EFBC}") = "gRPC_si_EF_CLIENT", "gRPC_si_EF_CLIENT\gRPC_si_EF_CLIENT.csproj", "{76500D73-1272-46CC-864E-BC33FE5090E0}"
EndProject
Global
	GlobalSection(SolutionConfigurationPlatforms) = preSolution
		Debug|Any CPU = Debug|Any CPU
		Release|Any CPU = Release|Any CPU
	EndGlobalSection
	GlobalSection(ProjectConfigurationPlatforms) = postSolution
		{417337D5-DC3E-44B5-9379-FCEA255AE01D}.Debug|Any CPU.ActiveCfg = Debug|Any CPU
		{417337D5-DC3E-44B5-9379-FCEA255AE01D}.Debug|Any CPU.Build.0 = Debug|Any CPU
		{417337D5-DC3E-44B5-9379-FCEA255AE01D}.Release|Any CPU.ActiveCfg = Release|Any CPU
		{417337D5-DC3E-44B5-9379-FCEA255AE01D}.Release|Any CPU.Build.0 = Release|Any CPU
		{34FDD4E2-2F8A-44DD-B0A7-16716245ED03}.Debug|Any CPU.ActiveCfg = Debug|Any CPU
		{34FDD4E2-2F8A-44DD-B0A7-16716245ED03}.Debug|Any CPU.Build.0 = Debug|Any CPU
		{34FDD4E2-2F8A-44DD-B0A7-16716245ED03}.Release|Any CPU.ActiveCfg = Release|Any CPU
		{34FDD4E2-2F8A-44DD-B0A7-16716245ED03}.Release|Any CPU.Build.0 = Release|Any CPU
		{1CF4FA10-260D-401F-AA19-B06E7F343DFA}.Debug|Any CPU.ActiveCfg = Debug|Any CPU
		{1CF4FA10-260D-401F-AA19-B06E7F343DFA}.Debug|Any CPU.Build.0 = Debug|Any CPU
		{1CF4FA10-260D-401F-AA19-B06E7F343DFA}.Release|Any CPU.ActiveCfg = Release|Any CPU
		{1CF4FA10-260D-401F-AA19-B06E7F343DFA}.Release|Any CPU.Build.0 = Release|Any CPU
		{67106925-B0C3-4192-BA27-78A88D9942E8}.Debug|Any CPU.ActiveCfg = Debug|Any CPU
		{67106925-B0C3-4192-BA27-78A88D9942E8}.Debug|Any CPU.Build.0 = Debug|Any CPU
		{67106925-B0C3-4192-BA27-78A88D9942E8}.Release|Any CPU.ActiveCfg = Release|Any CPU
		{67106925-B0C3-4192-BA27-78A88D9942E8}.Release|Any CPU.Build.0 = Release|Any CPU
		{D7319E3D-D29E-4949-ADA9-B7073D3360DD}.Debug|Any CPU.ActiveCfg = Debug|Any CPU
		{D7319E3D-D29E-4949-ADA9-B7073D3360DD}.Debug|Any CPU.Build.0 = Debug|Any CPU
		{D7319E3D-D29E-4949-ADA9-B7073D3360DD}.Release|Any CPU.ActiveCfg = Release|Any CPU
		{D7319E3D-D29E-4949-ADA9-B7073D3360DD}.Release|Any CPU.Build.0 = Release|Any CPU
		{5BA08E89-5B1A-4F2C-970C-26C5CA7B0EF7}.Debug|Any CPU.ActiveCfg = Debug|Any CPU
		{5BA08E89-5B1A-4F2C-970C-26C5CA7B0EF7}.Debug|Any CPU.Build.0 = Debug|Any CPU
		{5BA08E89-5B1A-4F2C-970C-26C5CA7B0EF7}.Release|Any CPU.ActiveCfg = Release|Any CPU
		{5BA08E89-5B1A-4F2C-970C-26C5CA7B0EF7}.Release|Any CPU.Build.0 = Release|Any CPU
		{E5E36762-989E-4FDC-AFFA-84865376AB8A}.Debug|Any CPU.ActiveCfg = Debug|Any CPU
		{E5E36762-989E-4FDC-AFFA-84865376AB8A}.Debug|Any CPU.Build.0 = Debug|Any CPU
		{E5E36762-989E-4FDC-AFFA-84865376AB8A}.Release|Any CPU.ActiveCfg = Release|Any CPU
		{E5E36762-989E-4FDC-AFFA-84865376AB8A}.Release|Any CPU.Build.0 = Release|Any CPU
		{96BBD348-3B17-4C88-B22B-9D8BB04780FB}.Debug|Any CPU.ActiveCfg = Debug|Any CPU
		{96BBD348-3B17-4C88-B22B-9D8BB04780FB}.Debug|Any CPU.Build.0 = Debug|Any CPU
		{96BBD348-3B17-4C88-B22B-9D8BB04780FB}.Release|Any CPU.ActiveCfg = Release|Any CPU
		{96BBD348-3B17-4C88-B22B-9D8BB04780FB}.Release|Any CPU.Build.0 = Release|Any CPU
		{CE224DCE-CF32-456F-B984-6CAC6B854872}.Debug|Any CPU.ActiveCfg = Debug|Any CPU
		{CE224DCE-CF32-456F-B984-6CAC6B854872}.Debug|Any CPU.Build.0 = Debug|Any CPU
		{CE224DCE-CF32-456F-B984-6CAC6B854872}.Release|Any CPU.ActiveCfg = Release|Any CPU
		{CE224DCE-CF32-456F-B984-6CAC6B854872}.Release|Any CPU.Build.0 = Release|Any CPU
		{E56E0285-C4A8-498A-8381-C8A9BA8C6BD0}.Debug|Any CPU.ActiveCfg = Debug|Any CPU
		{E56E0285-C4A8-498A-8381-C8A9BA8C6BD0}.Debug|Any CPU.Build.0 = Debug|Any CPU
		{E56E0285-C4A8-498A-8381-C8A9BA8C6BD0}.Release|Any CPU.ActiveCfg = Release|Any CPU
		{E56E0285-C4A8-498A-8381-C8A9BA8C6BD0}.Release|Any CPU.Build.0 = Release|Any CPU
		{815F4C67-531A-48E7-9623-963AC65461FA}.Debug|Any CPU.ActiveCfg = Debug|Any CPU
		{815F4C67-531A-48E7-9623-963AC65461FA}.Debug|Any CPU.Build.0 = Debug|Any CPU
		{815F4C67-531A-48E7-9623-963AC65461FA}.Release|Any CPU.ActiveCfg = Release|Any CPU
		{815F4C67-531A-48E7-9623-963AC65461FA}.Release|Any CPU.Build.0 = Release|Any CPU
		{F9D819F3-963C-4F3C-A8C9-685DD910C0A4}.Debug|Any CPU.ActiveCfg = Debug|Any CPU
		{F9D819F3-963C-4F3C-A8C9-685DD910C0A4}.Debug|Any CPU.Build.0 = Debug|Any CPU
		{F9D819F3-963C-4F3C-A8C9-685DD910C0A4}.Release|Any CPU.ActiveCfg = Release|Any CPU
		{F9D819F3-963C-4F3C-A8C9-685DD910C0A4}.Release|Any CPU.Build.0 = Release|Any CPU
		{EF205357-6A32-4650-9865-FC09DE50E571}.Debug|Any CPU.ActiveCfg = Debug|Any CPU
		{EF205357-6A32-4650-9865-FC09DE50E571}.Debug|Any CPU.Build.0 = Debug|Any CPU
		{EF205357-6A32-4650-9865-FC09DE50E571}.Release|Any CPU.ActiveCfg = Release|Any CPU
		{EF205357-6A32-4650-9865-FC09DE50E571}.Release|Any CPU.Build.0 = Release|Any CPU
		{76500D73-1272-46CC-864E-BC33FE5090E0}.Debug|Any CPU.ActiveCfg = Debug|Any CPU
		{76500D73-1272-46CC-864E-BC33FE5090E0}.Debug|Any CPU.Build.0 = Debug|Any CPU
		{76500D73-1272-46CC-864E-BC33FE5090E0}.Release|Any CPU.ActiveCfg = Release|Any CPU
		{76500D73-1272-46CC-864E-BC33FE5090E0}.Release|Any CPU.Build.0 = Release|Any CPU
	EndGlobalSection
	GlobalSection(SolutionProperties) = preSolution
		HideSolutionNode = FALSE
	EndGlobalSection
	GlobalSection(ExtensibilityGlobals) = postSolution
		SolutionGuid = {DC39361E-B967-4F35-AD1A-BF4C3C143336}
	EndGlobalSection
EndGlobal
